// !$*UTF8*$!
{
	archiveVersion = 1;
	classes = {
	};
	objectVersion = 50;
	objects = {

/* Begin PBXBuildFile section */
		3DA89C3E22FB750200D18CF3 /* AppDelegate.swift in Sources */ = {isa = PBXBuildFile; fileRef = 3DA89C3D22FB750200D18CF3 /* AppDelegate.swift */; };
		3DA89C4022FB750200D18CF3 /* ViewController.swift in Sources */ = {isa = PBXBuildFile; fileRef = 3DA89C3F22FB750200D18CF3 /* ViewController.swift */; };
		3DA89C4322FB750200D18CF3 /* Main.storyboard in Resources */ = {isa = PBXBuildFile; fileRef = 3DA89C4122FB750200D18CF3 /* Main.storyboard */; };
		3DA89C4522FB750900D18CF3 /* Assets.xcassets in Resources */ = {isa = PBXBuildFile; fileRef = 3DA89C4422FB750900D18CF3 /* Assets.xcassets */; };
		3DA89C4822FB750900D18CF3 /* LaunchScreen.storyboard in Resources */ = {isa = PBXBuildFile; fileRef = 3DA89C4622FB750900D18CF3 /* LaunchScreen.storyboard */; };
		3DA89C5322FB750A00D18CF3 /* CalculadoraTests.swift in Sources */ = {isa = PBXBuildFile; fileRef = 3DA89C5222FB750A00D18CF3 /* CalculadoraTests.swift */; };
		3DA89C5E22FB750A00D18CF3 /* CalculadoraUITests.swift in Sources */ = {isa = PBXBuildFile; fileRef = 3DA89C5D22FB750A00D18CF3 /* CalculadoraUITests.swift */; };
/* End PBXBuildFile section */

/* Begin PBXContainerItemProxy section */
		3DA89C4F22FB750A00D18CF3 /* PBXContainerItemProxy */ = {
			isa = PBXContainerItemProxy;
			containerPortal = 3DA89C3222FB750200D18CF3 /* Project object */;
			proxyType = 1;
			remoteGlobalIDString = 3DA89C3922FB750200D18CF3;
			remoteInfo = Calculadora;
		};
		3DA89C5A22FB750A00D18CF3 /* PBXContainerItemProxy */ = {
			isa = PBXContainerItemProxy;
			containerPortal = 3DA89C3222FB750200D18CF3 /* Project object */;
			proxyType = 1;
			remoteGlobalIDString = 3DA89C3922FB750200D18CF3;
			remoteInfo = Calculadora;
		};
/* End PBXContainerItemProxy section */

/* Begin PBXFileReference section */
		3DA89C3A22FB750200D18CF3 /* Calculadora.app */ = {isa = PBXFileReference; explicitFileType = wrapper.application; includeInIndex = 0; path = Calculadora.app; sourceTree = BUILT_PRODUCTS_DIR; };
		3DA89C3D22FB750200D18CF3 /* AppDelegate.swift */ = {isa = PBXFileReference; lastKnownFileType = sourcecode.swift; path = AppDelegate.swift; sourceTree = "<group>"; };
		3DA89C3F22FB750200D18CF3 /* ViewController.swift */ = {isa = PBXFileReference; lastKnownFileType = sourcecode.swift; path = ViewController.swift; sourceTree = "<group>"; };
		3DA89C4222FB750200D18CF3 /* Base */ = {isa = PBXFileReference; lastKnownFileType = file.storyboard; name = Base; path = Base.lproj/Main.storyboard; sourceTree = "<group>"; };
		3DA89C4422FB750900D18CF3 /* Assets.xcassets */ = {isa = PBXFileReference; lastKnownFileType = folder.assetcatalog; path = Assets.xcassets; sourceTree = "<group>"; };
		3DA89C4722FB750900D18CF3 /* Base */ = {isa = PBXFileReference; lastKnownFileType = file.storyboard; name = Base; path = Base.lproj/LaunchScreen.storyboard; sourceTree = "<group>"; };
		3DA89C4922FB750900D18CF3 /* Info.plist */ = {isa = PBXFileReference; lastKnownFileType = text.plist.xml; path = Info.plist; sourceTree = "<group>"; };
		3DA89C4E22FB750A00D18CF3 /* CalculadoraTests.xctest */ = {isa = PBXFileReference; explicitFileType = wrapper.cfbundle; includeInIndex = 0; path = CalculadoraTests.xctest; sourceTree = BUILT_PRODUCTS_DIR; };
		3DA89C5222FB750A00D18CF3 /* CalculadoraTests.swift */ = {isa = PBXFileReference; lastKnownFileType = sourcecode.swift; path = CalculadoraTests.swift; sourceTree = "<group>"; };
		3DA89C5422FB750A00D18CF3 /* Info.plist */ = {isa = PBXFileReference; lastKnownFileType = text.plist.xml; path = Info.plist; sourceTree = "<group>"; };
		3DA89C5922FB750A00D18CF3 /* CalculadoraUITests.xctest */ = {isa = PBXFileReference; explicitFileType = wrapper.cfbundle; includeInIndex = 0; path = CalculadoraUITests.xctest; sourceTree = BUILT_PRODUCTS_DIR; };
		3DA89C5D22FB750A00D18CF3 /* CalculadoraUITests.swift */ = {isa = PBXFileReference; lastKnownFileType = sourcecode.swift; path = CalculadoraUITests.swift; sourceTree = "<group>"; };
		3DA89C5F22FB750A00D18CF3 /* Info.plist */ = {isa = PBXFileReference; lastKnownFileType = text.plist.xml; path = Info.plist; sourceTree = "<group>"; };
/* End PBXFileReference section */

/* Begin PBXFrameworksBuildPhase section */
		3DA89C3722FB750200D18CF3 /* Frameworks */ = {
			isa = PBXFrameworksBuildPhase;
			buildActionMask = 2147483647;
			files = (
			);
			runOnlyForDeploymentPostprocessing = 0;
		};
		3DA89C4B22FB750A00D18CF3 /* Frameworks */ = {
			isa = PBXFrameworksBuildPhase;
			buildActionMask = 2147483647;
			files = (
			);
			runOnlyForDeploymentPostprocessing = 0;
		};
		3DA89C5622FB750A00D18CF3 /* Frameworks */ = {
			isa = PBXFrameworksBuildPhase;
			buildActionMask = 2147483647;
			files = (
			);
			runOnlyForDeploymentPostprocessing = 0;
		};
/* End PBXFrameworksBuildPhase section */

/* Begin PBXGroup section */
		3DA89C3122FB750200D18CF3 = {
			isa = PBXGroup;
			children = (
				3DA89C3C22FB750200D18CF3 /* Calculadora */,
				3DA89C5122FB750A00D18CF3 /* CalculadoraTests */,
				3DA89C5C22FB750A00D18CF3 /* CalculadoraUITests */,
				3DA89C3B22FB750200D18CF3 /* Products */,
			);
			sourceTree = "<group>";
		};
		3DA89C3B22FB750200D18CF3 /* Products */ = {
			isa = PBXGroup;
			children = (
				3DA89C3A22FB750200D18CF3 /* Calculadora.app */,
				3DA89C4E22FB750A00D18CF3 /* CalculadoraTests.xctest */,
				3DA89C5922FB750A00D18CF3 /* CalculadoraUITests.xctest */,
			);
			name = Products;
			sourceTree = "<group>";
		};
		3DA89C3C22FB750200D18CF3 /* Calculadora */ = {
			isa = PBXGroup;
			children = (
				3DA89C3D22FB750200D18CF3 /* AppDelegate.swift */,
				3DA89C3F22FB750200D18CF3 /* ViewController.swift */,
				3DA89C4122FB750200D18CF3 /* Main.storyboard */,
				3DA89C4422FB750900D18CF3 /* Assets.xcassets */,
				3DA89C4622FB750900D18CF3 /* LaunchScreen.storyboard */,
				3DA89C4922FB750900D18CF3 /* Info.plist */,
			);
			path = Calculadora;
			sourceTree = "<group>";
		};
		3DA89C5122FB750A00D18CF3 /* CalculadoraTests */ = {
			isa = PBXGroup;
			children = (
				3DA89C5222FB750A00D18CF3 /* CalculadoraTests.swift */,
				3DA89C5422FB750A00D18CF3 /* Info.plist */,
			);
			path = CalculadoraTests;
			sourceTree = "<group>";
		};
		3DA89C5C22FB750A00D18CF3 /* CalculadoraUITests */ = {
			isa = PBXGroup;
			children = (
				3DA89C5D22FB750A00D18CF3 /* CalculadoraUITests.swift */,
				3DA89C5F22FB750A00D18CF3 /* Info.plist */,
			);
			path = CalculadoraUITests;
			sourceTree = "<group>";
		};
/* End PBXGroup section */

/* Begin PBXNativeTarget section */
		3DA89C3922FB750200D18CF3 /* Calculadora */ = {
			isa = PBXNativeTarget;
			buildConfigurationList = 3DA89C6222FB750A00D18CF3 /* Build configuration list for PBXNativeTarget "Calculadora" */;
			buildPhases = (
				3DA89C3622FB750200D18CF3 /* Sources */,
				3DA89C3722FB750200D18CF3 /* Frameworks */,
				3DA89C3822FB750200D18CF3 /* Resources */,
			);
			buildRules = (
			);
			dependencies = (
			);
			name = Calculadora;
			productName = Calculadora;
			productReference = 3DA89C3A22FB750200D18CF3 /* Calculadora.app */;
			productType = "com.apple.product-type.application";
		};
		3DA89C4D22FB750A00D18CF3 /* CalculadoraTests */ = {
			isa = PBXNativeTarget;
			buildConfigurationList = 3DA89C6522FB750A00D18CF3 /* Build configuration list for PBXNativeTarget "CalculadoraTests" */;
			buildPhases = (
				3DA89C4A22FB750A00D18CF3 /* Sources */,
				3DA89C4B22FB750A00D18CF3 /* Frameworks */,
				3DA89C4C22FB750A00D18CF3 /* Resources */,
			);
			buildRules = (
			);
			dependencies = (
				3DA89C5022FB750A00D18CF3 /* PBXTargetDependency */,
			);
			name = CalculadoraTests;
			productName = CalculadoraTests;
			productReference = 3DA89C4E22FB750A00D18CF3 /* CalculadoraTests.xctest */;
			productType = "com.apple.product-type.bundle.unit-test";
		};
		3DA89C5822FB750A00D18CF3 /* CalculadoraUITests */ = {
			isa = PBXNativeTarget;
			buildConfigurationList = 3DA89C6822FB750A00D18CF3 /* Build configuration list for PBXNativeTarget "CalculadoraUITests" */;
			buildPhases = (
				3DA89C5522FB750A00D18CF3 /* Sources */,
				3DA89C5622FB750A00D18CF3 /* Frameworks */,
				3DA89C5722FB750A00D18CF3 /* Resources */,
			);
			buildRules = (
			);
			dependencies = (
				3DA89C5B22FB750A00D18CF3 /* PBXTargetDependency */,
			);
			name = CalculadoraUITests;
			productName = CalculadoraUITests;
			productReference = 3DA89C5922FB750A00D18CF3 /* CalculadoraUITests.xctest */;
			productType = "com.apple.product-type.bundle.ui-testing";
		};
/* End PBXNativeTarget section */

/* Begin PBXProject section */
		3DA89C3222FB750200D18CF3 /* Project object */ = {
			isa = PBXProject;
			attributes = {
				LastSwiftUpdateCheck = 0940;
				LastUpgradeCheck = 0940;
				ORGANIZATIONNAME = Alumno;
				TargetAttributes = {
					3DA89C3922FB750200D18CF3 = {
						CreatedOnToolsVersion = 9.4.1;
					};
					3DA89C4D22FB750A00D18CF3 = {
						CreatedOnToolsVersion = 9.4.1;
						TestTargetID = 3DA89C3922FB750200D18CF3;
					};
					3DA89C5822FB750A00D18CF3 = {
						CreatedOnToolsVersion = 9.4.1;
						TestTargetID = 3DA89C3922FB750200D18CF3;
					};
				};
			};
			buildConfigurationList = 3DA89C3522FB750200D18CF3 /* Build configuration list for PBXProject "Calculadora" */;
			compatibilityVersion = "Xcode 9.3";
			developmentRegion = en;
			hasScannedForEncodings = 0;
			knownRegions = (
				en,
				Base,
			);
			mainGroup = 3DA89C3122FB750200D18CF3;
			productRefGroup = 3DA89C3B22FB750200D18CF3 /* Products */;
			projectDirPath = "";
			projectRoot = "";
			targets = (
				3DA89C3922FB750200D18CF3 /* Calculadora */,
				3DA89C4D22FB750A00D18CF3 /* CalculadoraTests */,
				3DA89C5822FB750A00D18CF3 /* CalculadoraUITests */,
			);
		};
/* End PBXProject section */

/* Begin PBXResourcesBuildPhase section */
		3DA89C3822FB750200D18CF3 /* Resources */ = {
			isa = PBXResourcesBuildPhase;
			buildActionMask = 2147483647;
			files = (
				3DA89C4822FB750900D18CF3 /* LaunchScreen.storyboard in Resources */,
				3DA89C4522FB750900D18CF3 /* Assets.xcassets in Resources */,
				3DA89C4322FB750200D18CF3 /* Main.storyboard in Resources */,
			);
			runOnlyForDeploymentPostprocessing = 0;
		};
		3DA89C4C22FB750A00D18CF3 /* Resources */ = {
			isa = PBXResourcesBuildPhase;
			buildActionMask = 2147483647;
			files = (
			);
			runOnlyForDeploymentPostprocessing = 0;
		};
		3DA89C5722FB750A00D18CF3 /* Resources */ = {
			isa = PBXResourcesBuildPhase;
			buildActionMask = 2147483647;
			files = (
			);
			runOnlyForDeploymentPostprocessing = 0;
		};
/* End PBXResourcesBuildPhase section */

/* Begin PBXSourcesBuildPhase section */
		3DA89C3622FB750200D18CF3 /* Sources */ = {
			isa = PBXSourcesBuildPhase;
			buildActionMask = 2147483647;
			files = (
				3DA89C4022FB750200D18CF3 /* ViewController.swift in Sources */,
				3DA89C3E22FB750200D18CF3 /* AppDelegate.swift in Sources */,
			);
			runOnlyForDeploymentPostprocessing = 0;
		};
		3DA89C4A22FB750A00D18CF3 /* Sources */ = {
			isa = PBXSourcesBuildPhase;
			buildActionMask = 2147483647;
			files = (
				3DA89C5322FB750A00D18CF3 /* CalculadoraTests.swift in Sources */,
			);
			runOnlyForDeploymentPostprocessing = 0;
		};
		3DA89C5522FB750A00D18CF3 /* Sources */ = {
			isa = PBXSourcesBuildPhase;
			buildActionMask = 2147483647;
			files = (
				3DA89C5E22FB750A00D18CF3 /* CalculadoraUITests.swift in Sources */,
			);
			runOnlyForDeploymentPostprocessing = 0;
		};
/* End PBXSourcesBuildPhase section */

/* Begin PBXTargetDependency section */
		3DA89C5022FB750A00D18CF3 /* PBXTargetDependency */ = {
			isa = PBXTargetDependency;
			target = 3DA89C3922FB750200D18CF3 /* Calculadora */;
			targetProxy = 3DA89C4F22FB750A00D18CF3 /* PBXContainerItemProxy */;
		};
		3DA89C5B22FB750A00D18CF3 /* PBXTargetDependency */ = {
			isa = PBXTargetDependency;
			target = 3DA89C3922FB750200D18CF3 /* Calculadora */;
			targetProxy = 3DA89C5A22FB750A00D18CF3 /* PBXContainerItemProxy */;
		};
/* End PBXTargetDependency section */

/* Begin PBXVariantGroup section */
		3DA89C4122FB750200D18CF3 /* Main.storyboard */ = {
			isa = PBXVariantGroup;
			children = (
				3DA89C4222FB750200D18CF3 /* Base */,
			);
			name = Main.storyboard;
			sourceTree = "<group>";
		};
		3DA89C4622FB750900D18CF3 /* LaunchScreen.storyboard */ = {
			isa = PBXVariantGroup;
			children = (
				3DA89C4722FB750900D18CF3 /* Base */,
			);
			name = LaunchScreen.storyboard;
			sourceTree = "<group>";
		};
/* End PBXVariantGroup section */

/* Begin XCBuildConfiguration section */
		3DA89C6022FB750A00D18CF3 /* Debug */ = {
			isa = XCBuildConfiguration;
			buildSettings = {
				ALWAYS_SEARCH_USER_PATHS = NO;
				CLANG_ANALYZER_NONNULL = YES;
				CLANG_ANALYZER_NUMBER_OBJECT_CONVERSION = YES_AGGRESSIVE;
				CLANG_CXX_LANGUAGE_STANDARD = "gnu++14";
				CLANG_CXX_LIBRARY = "libc++";
				CLANG_ENABLE_MODULES = YES;
				CLANG_ENABLE_OBJC_ARC = YES;
				CLANG_ENABLE_OBJC_WEAK = YES;
				CLANG_WARN_BLOCK_CAPTURE_AUTORELEASING = YES;
				CLANG_WARN_BOOL_CONVERSION = YES;
				CLANG_WARN_COMMA = YES;
				CLANG_WARN_CONSTANT_CONVERSION = YES;
				CLANG_WARN_DEPRECATED_OBJC_IMPLEMENTATIONS = YES;
				CLANG_WARN_DIRECT_OBJC_ISA_USAGE = YES_ERROR;
				CLANG_WARN_DOCUMENTATION_COMMENTS = YES;
				CLANG_WARN_EMPTY_BODY = YES;
				CLANG_WARN_ENUM_CONVERSION = YES;
				CLANG_WARN_INFINITE_RECURSION = YES;
				CLANG_WARN_INT_CONVERSION = YES;
				CLANG_WARN_NON_LITERAL_NULL_CONVERSION = YES;
				CLANG_WARN_OBJC_IMPLICIT_RETAIN_SELF = YES;
				CLANG_WARN_OBJC_LITERAL_CONVERSION = YES;
				CLANG_WARN_OBJC_ROOT_CLASS = YES_ERROR;
				CLANG_WARN_RANGE_LOOP_ANALYSIS = YES;
				CLANG_WARN_STRICT_PROTOTYPES = YES;
				CLANG_WARN_SUSPICIOUS_MOVE = YES;
				CLANG_WARN_UNGUARDED_AVAILABILITY = YES_AGGRESSIVE;
				CLANG_WARN_UNREACHABLE_CODE = YES;
				CLANG_WARN__DUPLICATE_METHOD_MATCH = YES;
				CODE_SIGN_IDENTITY = "iPhone Developer";
				COPY_PHASE_STRIP = NO;
				DEBUG_INFORMATION_FORMAT = dwarf;
				ENABLE_STRICT_OBJC_MSGSEND = YES;
				ENABLE_TESTABILITY = YES;
				GCC_C_LANGUAGE_STANDARD = gnu11;
				GCC_DYNAMIC_NO_PIC = NO;
				GCC_NO_COMMON_BLOCKS = YES;
				GCC_OPTIMIZATION_LEVEL = 0;
				GCC_PREPROCESSOR_DEFINITIONS = (
					"DEBUG=1",
					"$(inherited)",
				);
				GCC_WARN_64_TO_32_BIT_CONVERSION = YES;
				GCC_WARN_ABOUT_RETURN_TYPE = YES_ERROR;
				GCC_WARN_UNDECLARED_SELECTOR = YES;
				GCC_WARN_UNINITIALIZED_AUTOS = YES_AGGRESSIVE;
				GCC_WARN_UNUSED_FUNCTION = YES;
				GCC_WARN_UNUSED_VARIABLE = YES;
				IPHONEOS_DEPLOYMENT_TARGET = 11.4;
				MTL_ENABLE_DEBUG_INFO = YES;
				ONLY_ACTIVE_ARCH = YES;
				SDKROOT = iphoneos;
				SWIFT_ACTIVE_COMPILATION_CONDITIONS = DEBUG;
				SWIFT_OPTIMIZATION_LEVEL = "-Onone";
			};
			name = Debug;
		};
		3DA89C6122FB750A00D18CF3 /* Release */ = {
			isa = XCBuildConfiguration;
			buildSettings = {
				ALWAYS_SEARCH_USER_PATHS = NO;
				CLANG_ANALYZER_NONNULL = YES;
				CLANG_ANALYZER_NUMBER_OBJECT_CONVERSION = YES_AGGRESSIVE;
				CLANG_CXX_LANGUAGE_STANDARD = "gnu++14";
				CLANG_CXX_LIBRARY = "libc++";
				CLANG_ENABLE_MODULES = YES;
				CLANG_ENABLE_OBJC_ARC = YES;
				CLANG_ENABLE_OBJC_WEAK = YES;
				CLANG_WARN_BLOCK_CAPTURE_AUTORELEASING = YES;
				CLANG_WARN_BOOL_CONVERSION = YES;
				CLANG_WARN_COMMA = YES;
				CLANG_WARN_CONSTANT_CONVERSION = YES;
				CLANG_WARN_DEPRECATED_OBJC_IMPLEMENTATIONS = YES;
				CLANG_WARN_DIRECT_OBJC_ISA_USAGE = YES_ERROR;
				CLANG_WARN_DOCUMENTATION_COMMENTS = YES;
				CLANG_WARN_EMPTY_BODY = YES;
				CLANG_WARN_ENUM_CONVERSION = YES;
				CLANG_WARN_INFINITE_RECURSION = YES;
				CLANG_WARN_INT_CONVERSION = YES;
				CLANG_WARN_NON_LITERAL_NULL_CONVERSION = YES;
				CLANG_WARN_OBJC_IMPLICIT_RETAIN_SELF = YES;
				CLANG_WARN_OBJC_LITERAL_CONVERSION = YES;
				CLANG_WARN_OBJC_ROOT_CLASS = YES_ERROR;
				CLANG_WARN_RANGE_LOOP_ANALYSIS = YES;
				CLANG_WARN_STRICT_PROTOTYPES = YES;
				CLANG_WARN_SUSPICIOUS_MOVE = YES;
				CLANG_WARN_UNGUARDED_AVAILABILITY = YES_AGGRESSIVE;
				CLANG_WARN_UNREACHABLE_CODE = YES;
				CLANG_WARN__DUPLICATE_METHOD_MATCH = YES;
				CODE_SIGN_IDENTITY = "iPhone Developer";
				COPY_PHASE_STRIP = NO;
				DEBUG_INFORMATION_FORMAT = "dwarf-with-dsym";
				ENABLE_NS_ASSERTIONS = NO;
				ENABLE_STRICT_OBJC_MSGSEND = YES;
				GCC_C_LANGUAGE_STANDARD = gnu11;
				GCC_NO_COMMON_BLOCKS = YES;
				GCC_WARN_64_TO_32_BIT_CONVERSION = YES;
				GCC_WARN_ABOUT_RETURN_TYPE = YES_ERROR;
				GCC_WARN_UNDECLARED_SELECTOR = YES;
				GCC_WARN_UNINITIALIZED_AUTOS = YES_AGGRESSIVE;
				GCC_WARN_UNUSED_FUNCTION = YES;
				GCC_WARN_UNUSED_VARIABLE = YES;
				IPHONEOS_DEPLOYMENT_TARGET = 11.4;
				MTL_ENABLE_DEBUG_INFO = NO;
				SDKROOT = iphoneos;
				SWIFT_COMPILATION_MODE = wholemodule;
				SWIFT_OPTIMIZATION_LEVEL = "-O";
				VALIDATE_PRODUCT = YES;
			};
			name = Release;
		};
		3DA89C6322FB750A00D18CF3 /* Debug */ = {
			isa = XCBuildConfiguration;
			buildSettings = {
				ASSETCATALOG_COMPILER_APPICON_NAME = AppIcon;
				CODE_SIGN_STYLE = Automatic;
				INFOPLIST_FILE = Calculadora/Info.plist;
				LD_RUNPATH_SEARCH_PATHS = (
					"$(inherited)",
					"@executable_path/Frameworks",
				);
				PRODUCT_BUNDLE_IDENTIFIER = edu.ulsa.Calculadora;
				PRODUCT_NAME = "$(TARGET_NAME)";
				SWIFT_VERSION = 4.0;
				TARGETED_DEVICE_FAMILY = "1,2";
			};
			name = Debug;
		};
		3DA89C6422FB750A00D18CF3 /* Release */ = {
			isa = XCBuildConfiguration;
			buildSettings = {
				ASSETCATALOG_COMPILER_APPICON_NAME = AppIcon;
				CODE_SIGN_STYLE = Automatic;
				INFOPLIST_FILE = Calculadora/Info.plist;
				LD_RUNPATH_SEARCH_PATHS = (
					"$(inherited)",
					"@executable_path/Frameworks",
				);
				PRODUCT_BUNDLE_IDENTIFIER = edu.ulsa.Calculadora;
				PRODUCT_NAME = "$(TARGET_NAME)";
				SWIFT_VERSION = 4.0;
				TARGETED_DEVICE_FAMILY = "1,2";
			};
			name = Release;
		};
		3DA89C6622FB750A00D18CF3 /* Debug */ = {
			isa = XCBuildConfiguration;
			buildSettings = {
				ALWAYS_EMBED_SWIFT_STANDARD_LIBRARIES = YES;
				BUNDLE_LOADER = "$(TEST_HOST)";
				CODE_SIGN_STYLE = Automatic;
				INFOPLIST_FILE = CalculadoraTests/Info.plist;
				LD_RUNPATH_SEARCH_PATHS = (
					"$(inherited)",
					"@executable_path/Frameworks",
					"@loader_path/Frameworks",
				);
				PRODUCT_BUNDLE_IDENTIFIER = edu.ulsa.CalculadoraTests;
				PRODUCT_NAME = "$(TARGET_NAME)";
				SWIFT_VERSION = 4.0;
				TARGETED_DEVICE_FAMILY = "1,2";
				TEST_HOST = "$(BUILT_PRODUCTS_DIR)/Calculadora.app/Calculadora";
			};
			name = Debug;
		};
		3DA89C6722FB750A00D18CF3 /* Release */ = {
			isa = XCBuildConfiguration;
			buildSettings = {
				ALWAYS_EMBED_SWIFT_STANDARD_LIBRARIES = YES;
				BUNDLE_LOADER = "$(TEST_HOST)";
				CODE_SIGN_STYLE = Automatic;
				INFOPLIST_FILE = CalculadoraTests/Info.plist;
				LD_RUNPATH_SEARCH_PATHS = (
					"$(inherited)",
					"@executable_path/Frameworks",
					"@loader_path/Frameworks",
				);
				PRODUCT_BUNDLE_IDENTIFIER = edu.ulsa.CalculadoraTests;
				PRODUCT_NAME = "$(TARGET_NAME)";
				SWIFT_VERSION = 4.0;
				TARGETED_DEVICE_FAMILY = "1,2";
				TEST_HOST = "$(BUILT_PRODUCTS_DIR)/Calculadora.app/Calculadora";
			};
			name = Release;
		};
		3DA89C6922FB750A00D18CF3 /* Debug */ = {
			isa = XCBuildConfiguration;
			buildSettings = {
				ALWAYS_EMBED_SWIFT_STANDARD_LIBRARIES = YES;
				CODE_SIGN_STYLE = Automatic;
				INFOPLIST_FILE = CalculadoraUITests/Info.plist;
				LD_RUNPATH_SEARCH_PATHS = (
					"$(inherited)",
					"@executable_path/Frameworks",
					"@loader_path/Frameworks",
				);
				PRODUCT_BUNDLE_IDENTIFIER = edu.ulsa.CalculadoraUITests;
				PRODUCT_NAME = "$(TARGET_NAME)";
				SWIFT_VERSION = 4.0;
				TARGETED_DEVICE_FAMILY = "1,2";
				TEST_TARGET_NAME = Calculadora;
			};
			name = Debug;
		};
		3DA89C6A22FB750A00D18CF3 /* Release */ = {
			isa = XCBuildConfiguration;
			buildSettings = {
				ALWAYS_EMBED_SWIFT_STANDARD_LIBRARIES = YES;
				CODE_SIGN_STYLE = Automatic;
				INFOPLIST_FILE = CalculadoraUITests/Info.plist;
				LD_RUNPATH_SEARCH_PATHS = (
					"$(inherited)",
					"@executable_path/Frameworks",
					"@loader_path/Frameworks",
				);
				PRODUCT_BUNDLE_IDENTIFIER = edu.ulsa.CalculadoraUITests;
				PRODUCT_NAME = "$(TARGET_NAME)";
				SWIFT_VERSION = 4.0;
				TARGETED_DEVICE_FAMILY = "1,2";
				TEST_TARGET_NAME = Calculadora;
			};
			name = Release;
		};
/* End XCBuildConfiguration section */

/* Begin XCConfigurationList section */
		3DA89C3522FB750200D18CF3 /* Build configuration list for PBXProject "Calculadora" */ = {
			isa = XCConfigurationList;
			buildConfigurations = (
				3DA89C6022FB750A00D18CF3 /* Debug */,
				3DA89C6122FB750A00D18CF3 /* Release */,
			);
			defaultConfigurationIsVisible = 0;
			defaultConfigurationName = Release;
		};
		3DA89C6222FB750A00D18CF3 /* Build configuration list for PBXNativeTarget "Calculadora" */ = {
			isa = XCConfigurationList;
			buildConfigurations = (
				3DA89C6322FB750A00D18CF3 /* Debug */,
				3DA89C6422FB750A00D18CF3 /* Release */,
			);
			defaultConfigurationIsVisible = 0;
			defaultConfigurationName = Release;
		};
		3DA89C6522FB750A00D18CF3 /* Build configuration list for PBXNativeTarget "CalculadoraTests" */ = {
			isa = XCConfigurationList;
			buildConfigurations = (
				3DA89C6622FB750A00D18CF3 /* Debug */,
				3DA89C6722FB750A00D18CF3 /* Release */,
			);
			defaultConfigurationIsVisible = 0;
			defaultConfigurationName = Release;
		};
		3DA89C6822FB750A00D18CF3 /* Build configuration list for PBXNativeTarget "CalculadoraUITests" */ = {
			isa = XCConfigurationList;
			buildConfigurations = (
				3DA89C6922FB750A00D18CF3 /* Debug */,
				3DA89C6A22FB750A00D18CF3 /* Release */,
			);
			defaultConfigurationIsVisible = 0;
			defaultConfigurationName = Release;
		};
/* End XCConfigurationList section */
	};
	rootObject = 3DA89C3222FB750200D18CF3 /* Project object */;
}
